
Microsoft Visual Studio Solution File, Format Version 12.00
# Visual Studio Version 16
VisualStudioVersion = 16.0.30517.126
MinimumVisualStudioVersion = 10.0.40219.1
Project("{888888A0-9F3D-457C-B088-3A5042F75D52}") = "SantaRace", "SantaRace.pyproj", "{B829CF29-F283-4A85-B94A-64CA2527E2E6}"
EndProject
Global
	GlobalSection(SolutionConfigurationPlatforms) = preSolution
		Debug|Any CPU = Debug|Any CPU
		Release|Any CPU = Release|Any CPU
	EndGlobalSection
	GlobalSection(ProjectConfigurationPlatforms) = postSolution
		{B829CF29-F283-4A85-B94A-64CA2527E2E6}.Debug|Any CPU.ActiveCfg = Debug|Any CPU
		{B829CF29-F283-4A85-B94A-64CA2527E2E6}.Release|Any CPU.ActiveCfg = Release|Any CPU
	EndGlobalSection
	GlobalSection(SolutionProperties) = preSolution
		HideSolutionNode = FALSE
	EndGlobalSection
	GlobalSection(ExtensibilityGlobals) = postSolution
		SolutionGuid = {46802539-F1DF-4388-8858-733F0E46D8DF}
	EndGlobalSection
EndGlobal
